
Microsoft Visual Studio Solution File, Format Version 12.00
# Visual Studio Version 17
VisualStudioVersion = 17.1.32228.430
MinimumVisualStudioVersion = 10.0.40219.1
Project("{FAE04EC0-301F-11D3-BF4B-00C04F79EFBC}") = "Bdd-TestProject", "Bdd-TestProject\Bdd-TestProject.csproj", "{D925F274-1D77-485A-AF07-8FA4F49C6E4E}"
EndProject
Project("{FAE04EC0-301F-11D3-BF4B-00C04F79EFBC}") = "AccuWeather-BDD", "AccuWeather-BDD\AccuWeather-BDD.csproj", "{EEA759F8-394F-48C9-AF6A-B340E702C824}"
EndProject
Global
	GlobalSection(SolutionConfigurationPlatforms) = preSolution
		Debug|Any CPU = Debug|Any CPU
		Release|Any CPU = Release|Any CPU
	EndGlobalSection
	GlobalSection(ProjectConfigurationPlatforms) = postSolution
		{D925F274-1D77-485A-AF07-8FA4F49C6E4E}.Debug|Any CPU.ActiveCfg = Debug|Any CPU
		{D925F274-1D77-485A-AF07-8FA4F49C6E4E}.Debug|Any CPU.Build.0 = Debug|Any CPU
		{D925F274-1D77-485A-AF07-8FA4F49C6E4E}.Release|Any CPU.ActiveCfg = Release|Any CPU
		{D925F274-1D77-485A-AF07-8FA4F49C6E4E}.Release|Any CPU.Build.0 = Release|Any CPU
		{EEA759F8-394F-48C9-AF6A-B340E702C824}.Debug|Any CPU.ActiveCfg = Debug|Any CPU
		{EEA759F8-394F-48C9-AF6A-B340E702C824}.Debug|Any CPU.Build.0 = Debug|Any CPU
		{EEA759F8-394F-48C9-AF6A-B340E702C824}.Release|Any CPU.ActiveCfg = Release|Any CPU
		{EEA759F8-394F-48C9-AF6A-B340E702C824}.Release|Any CPU.Build.0 = Release|Any CPU
	EndGlobalSection
	GlobalSection(SolutionProperties) = preSolution
		HideSolutionNode = FALSE
	EndGlobalSection
	GlobalSection(ExtensibilityGlobals) = postSolution
		SolutionGuid = {E83695FF-3F4B-47CF-900D-A8DCDC8F6FFE}
	EndGlobalSection
EndGlobal
